// !$*UTF8*$!
{
	archiveVersion = 1;
	classes = {
	};
	objectVersion = 77;
	objects = {

/* Begin PBXBuildFile section */
		BD5D125A2D47EADA0031A936 /* Kingfisher in Frameworks */ = {isa = PBXBuildFile; productRef = BD5D12592D47EADA0031A936 /* Kingfisher */; };
/* End PBXBuildFile section */

/* Begin PBXContainerItemProxy section */
		BD5D12282D4774F90031A936 /* PBXContainerItemProxy */ = {
			isa = PBXContainerItemProxy;
			containerPortal = BD5D120F2D4774F70031A936 /* Project object */;
			proxyType = 1;
			remoteGlobalIDString = BD5D12162D4774F70031A936;
			remoteInfo = BingeBuddy;
		};
		BD5D12322D4774F90031A936 /* PBXContainerItemProxy */ = {
			isa = PBXContainerItemProxy;
			containerPortal = BD5D120F2D4774F70031A936 /* Project object */;
			proxyType = 1;
			remoteGlobalIDString = BD5D12162D4774F70031A936;
			remoteInfo = BingeBuddy;
		};
/* End PBXContainerItemProxy section */

/* Begin PBXFileReference section */
		BD5D12172D4774F70031A936 /* BingeBuddy.app */ = {isa = PBXFileReference; explicitFileType = wrapper.application; includeInIndex = 0; path = BingeBuddy.app; sourceTree = BUILT_PRODUCTS_DIR; };
		BD5D12272D4774F90031A936 /* BingeBuddyTests.xctest */ = {isa = PBXFileReference; explicitFileType = wrapper.cfbundle; includeInIndex = 0; path = BingeBuddyTests.xctest; sourceTree = BUILT_PRODUCTS_DIR; };
		BD5D12312D4774F90031A936 /* BingeBuddyUITests.xctest */ = {isa = PBXFileReference; explicitFileType = wrapper.cfbundle; includeInIndex = 0; path = BingeBuddyUITests.xctest; sourceTree = BUILT_PRODUCTS_DIR; };
/* End PBXFileReference section */

/* Begin PBXFileSystemSynchronizedRootGroup section */
		BD5D12192D4774F70031A936 /* BingeBuddy */ = {
			isa = PBXFileSystemSynchronizedRootGroup;
			path = BingeBuddy;
			sourceTree = "<group>";
		};
		BD5D122A2D4774F90031A936 /* BingeBuddyTests */ = {
			isa = PBXFileSystemSynchronizedRootGroup;
			path = BingeBuddyTests;
			sourceTree = "<group>";
		};
		BD5D12342D4774F90031A936 /* BingeBuddyUITests */ = {
			isa = PBXFileSystemSynchronizedRootGroup;
			path = BingeBuddyUITests;
			sourceTree = "<group>";
		};
/* End PBXFileSystemSynchronizedRootGroup section */

/* Begin PBXFrameworksBuildPhase section */
		BD5D12142D4774F70031A936 /* Frameworks */ = {
			isa = PBXFrameworksBuildPhase;
			buildActionMask = 2147483647;
			files = (
				BD5D125A2D47EADA0031A936 /* Kingfisher in Frameworks */,
			);
			runOnlyForDeploymentPostprocessing = 0;
		};
		BD5D12242D4774F90031A936 /* Frameworks */ = {
			isa = PBXFrameworksBuildPhase;
			buildActionMask = 2147483647;
			files = (
			);
			runOnlyForDeploymentPostprocessing = 0;
		};
		BD5D122E2D4774F90031A936 /* Frameworks */ = {
			isa = PBXFrameworksBuildPhase;
			buildActionMask = 2147483647;
			files = (
			);
			runOnlyForDeploymentPostprocessing = 0;
		};
/* End PBXFrameworksBuildPhase section */

/* Begin PBXGroup section */
		BD5D120E2D4774F70031A936 = {
			isa = PBXGroup;
			children = (
				BD5D12192D4774F70031A936 /* BingeBuddy */,
				BD5D122A2D4774F90031A936 /* BingeBuddyTests */,
				BD5D12342D4774F90031A936 /* BingeBuddyUITests */,
				BD5D12182D4774F70031A936 /* Products */,
			);
			sourceTree = "<group>";
		};
		BD5D12182D4774F70031A936 /* Products */ = {
			isa = PBXGroup;
			children = (
				BD5D12172D4774F70031A936 /* BingeBuddy.app */,
				BD5D12272D4774F90031A936 /* BingeBuddyTests.xctest */,
				BD5D12312D4774F90031A936 /* BingeBuddyUITests.xctest */,
			);
			name = Products;
			sourceTree = "<group>";
		};
/* End PBXGroup section */

/* Begin PBXNativeTarget section */
		BD5D12162D4774F70031A936 /* BingeBuddy */ = {
			isa = PBXNativeTarget;
			buildConfigurationList = BD5D123B2D4774F90031A936 /* Build configuration list for PBXNativeTarget "BingeBuddy" */;
			buildPhases = (
				BD5D12132D4774F70031A936 /* Sources */,
				BD5D12142D4774F70031A936 /* Frameworks */,
				BD5D12152D4774F70031A936 /* Resources */,
			);
			buildRules = (
			);
			dependencies = (
			);
			fileSystemSynchronizedGroups = (
				BD5D12192D4774F70031A936 /* BingeBuddy */,
			);
			name = BingeBuddy;
			packageProductDependencies = (
				BD5D12592D47EADA0031A936 /* Kingfisher */,
			);
			productName = BingeBuddy;
			productReference = BD5D12172D4774F70031A936 /* BingeBuddy.app */;
			productType = "com.apple.product-type.application";
		};
		BD5D12262D4774F90031A936 /* BingeBuddyTests */ = {
			isa = PBXNativeTarget;
			buildConfigurationList = BD5D123E2D4774F90031A936 /* Build configuration list for PBXNativeTarget "BingeBuddyTests" */;
			buildPhases = (
				BD5D12232D4774F90031A936 /* Sources */,
				BD5D12242D4774F90031A936 /* Frameworks */,
				BD5D12252D4774F90031A936 /* Resources */,
			);
			buildRules = (
			);
			dependencies = (
				BD5D12292D4774F90031A936 /* PBXTargetDependency */,
			);
			fileSystemSynchronizedGroups = (
				BD5D122A2D4774F90031A936 /* BingeBuddyTests */,
			);
			name = BingeBuddyTests;
			packageProductDependencies = (
			);
			productName = BingeBuddyTests;
			productReference = BD5D12272D4774F90031A936 /* BingeBuddyTests.xctest */;
			productType = "com.apple.product-type.bundle.unit-test";
		};
		BD5D12302D4774F90031A936 /* BingeBuddyUITests */ = {
			isa = PBXNativeTarget;
			buildConfigurationList = BD5D12412D4774F90031A936 /* Build configuration list for PBXNativeTarget "BingeBuddyUITests" */;
			buildPhases = (
				BD5D122D2D4774F90031A936 /* Sources */,
				BD5D122E2D4774F90031A936 /* Frameworks */,
				BD5D122F2D4774F90031A936 /* Resources */,
			);
			buildRules = (
			);
			dependencies = (
				BD5D12332D4774F90031A936 /* PBXTargetDependency */,
			);
			fileSystemSynchronizedGroups = (
				BD5D12342D4774F90031A936 /* BingeBuddyUITests */,
			);
			name = BingeBuddyUITests;
			packageProductDependencies = (
			);
			productName = BingeBuddyUITests;
			productReference = BD5D12312D4774F90031A936 /* BingeBuddyUITests.xctest */;
			productType = "com.apple.product-type.bundle.ui-testing";
		};
/* End PBXNativeTarget section */

/* Begin PBXProject section */
		BD5D120F2D4774F70031A936 /* Project object */ = {
			isa = PBXProject;
			attributes = {
				BuildIndependentTargetsInParallel = 1;
				LastSwiftUpdateCheck = 1620;
				LastUpgradeCheck = 1620;
				TargetAttributes = {
					BD5D12162D4774F70031A936 = {
						CreatedOnToolsVersion = 16.2;
					};
					BD5D12262D4774F90031A936 = {
						CreatedOnToolsVersion = 16.2;
						TestTargetID = BD5D12162D4774F70031A936;
					};
					BD5D12302D4774F90031A936 = {
						CreatedOnToolsVersion = 16.2;
						TestTargetID = BD5D12162D4774F70031A936;
					};
				};
			};
			buildConfigurationList = BD5D12122D4774F70031A936 /* Build configuration list for PBXProject "BingeBuddy" */;
			developmentRegion = en;
			hasScannedForEncodings = 0;
			knownRegions = (
				en,
				Base,
			);
			mainGroup = BD5D120E2D4774F70031A936;
			minimizedProjectReferenceProxies = 1;
			packageReferences = (
				BD5D12582D47EAD90031A936 /* XCRemoteSwiftPackageReference "Kingfisher" */,
			);
			preferredProjectObjectVersion = 77;
			productRefGroup = BD5D12182D4774F70031A936 /* Products */;
			projectDirPath = "";
			projectRoot = "";
			targets = (
				BD5D12162D4774F70031A936 /* BingeBuddy */,
				BD5D12262D4774F90031A936 /* BingeBuddyTests */,
				BD5D12302D4774F90031A936 /* BingeBuddyUITests */,
			);
		};
/* End PBXProject section */

/* Begin PBXResourcesBuildPhase section */
		BD5D12152D4774F70031A936 /* Resources */ = {
			isa = PBXResourcesBuildPhase;
			buildActionMask = 2147483647;
			files = (
			);
			runOnlyForDeploymentPostprocessing = 0;
		};
		BD5D12252D4774F90031A936 /* Resources */ = {
			isa = PBXResourcesBuildPhase;
			buildActionMask = 2147483647;
			files = (
			);
			runOnlyForDeploymentPostprocessing = 0;
		};
		BD5D122F2D4774F90031A936 /* Resources */ = {
			isa = PBXResourcesBuildPhase;
			buildActionMask = 2147483647;
			files = (
			);
			runOnlyForDeploymentPostprocessing = 0;
		};
/* End PBXResourcesBuildPhase section */

/* Begin PBXSourcesBuildPhase section */
		BD5D12132D4774F70031A936 /* Sources */ = {
			isa = PBXSourcesBuildPhase;
			buildActionMask = 2147483647;
			files = (
			);
			runOnlyForDeploymentPostprocessing = 0;
		};
		BD5D12232D4774F90031A936 /* Sources */ = {
			isa = PBXSourcesBuildPhase;
			buildActionMask = 2147483647;
			files = (
			);
			runOnlyForDeploymentPostprocessing = 0;
		};
		BD5D122D2D4774F90031A936 /* Sources */ = {
			isa = PBXSourcesBuildPhase;
			buildActionMask = 2147483647;
			files = (
			);
			runOnlyForDeploymentPostprocessing = 0;
		};
/* End PBXSourcesBuildPhase section */

/* Begin PBXTargetDependency section */
		BD5D12292D4774F90031A936 /* PBXTargetDependency */ = {
			isa = PBXTargetDependency;
			target = BD5D12162D4774F70031A936 /* BingeBuddy */;
			targetProxy = BD5D12282D4774F90031A936 /* PBXContainerItemProxy */;
		};
		BD5D12332D4774F90031A936 /* PBXTargetDependency */ = {
			isa = PBXTargetDependency;
			target = BD5D12162D4774F70031A936 /* BingeBuddy */;
			targetProxy = BD5D12322D4774F90031A936 /* PBXContainerItemProxy */;
		};
/* End PBXTargetDependency section */

/* Begin XCBuildConfiguration section */
		BD5D12392D4774F90031A936 /* Debug */ = {
			isa = XCBuildConfiguration;
			buildSettings = {
				ALWAYS_SEARCH_USER_PATHS = NO;
				ASSETCATALOG_COMPILER_GENERATE_SWIFT_ASSET_SYMBOL_EXTENSIONS = YES;
				CLANG_ANALYZER_NONNULL = YES;
				CLANG_ANALYZER_NUMBER_OBJECT_CONVERSION = YES_AGGRESSIVE;
				CLANG_CXX_LANGUAGE_STANDARD = "gnu++20";
				CLANG_ENABLE_MODULES = YES;
				CLANG_ENABLE_OBJC_ARC = YES;
				CLANG_ENABLE_OBJC_WEAK = YES;
				CLANG_WARN_BLOCK_CAPTURE_AUTORELEASING = YES;
				CLANG_WARN_BOOL_CONVERSION = YES;
				CLANG_WARN_COMMA = YES;
				CLANG_WARN_CONSTANT_CONVERSION = YES;
				CLANG_WARN_DEPRECATED_OBJC_IMPLEMENTATIONS = YES;
				CLANG_WARN_DIRECT_OBJC_ISA_USAGE = YES_ERROR;
				CLANG_WARN_DOCUMENTATION_COMMENTS = YES;
				CLANG_WARN_EMPTY_BODY = YES;
				CLANG_WARN_ENUM_CONVERSION = YES;
				CLANG_WARN_INFINITE_RECURSION = YES;
				CLANG_WARN_INT_CONVERSION = YES;
				CLANG_WARN_NON_LITERAL_NULL_CONVERSION = YES;
				CLANG_WARN_OBJC_IMPLICIT_RETAIN_SELF = YES;
				CLANG_WARN_OBJC_LITERAL_CONVERSION = YES;
				CLANG_WARN_OBJC_ROOT_CLASS = YES_ERROR;
				CLANG_WARN_QUOTED_INCLUDE_IN_FRAMEWORK_HEADER = YES;
				CLANG_WARN_RANGE_LOOP_ANALYSIS = YES;
				CLANG_WARN_STRICT_PROTOTYPES = YES;
				CLANG_WARN_SUSPICIOUS_MOVE = YES;
				CLANG_WARN_UNGUARDED_AVAILABILITY = YES_AGGRESSIVE;
				CLANG_WARN_UNREACHABLE_CODE = YES;
				CLANG_WARN__DUPLICATE_METHOD_MATCH = YES;
				COPY_PHASE_STRIP = NO;
				DEBUG_INFORMATION_FORMAT = dwarf;
				ENABLE_STRICT_OBJC_MSGSEND = YES;
				ENABLE_TESTABILITY = YES;
				ENABLE_USER_SCRIPT_SANDBOXING = YES;
				GCC_C_LANGUAGE_STANDARD = gnu17;
				GCC_DYNAMIC_NO_PIC = NO;
				GCC_NO_COMMON_BLOCKS = YES;
				GCC_OPTIMIZATION_LEVEL = 0;
				GCC_PREPROCESSOR_DEFINITIONS = (
					"DEBUG=1",
					"$(inherited)",
				);
				GCC_WARN_64_TO_32_BIT_CONVERSION = YES;
				GCC_WARN_ABOUT_RETURN_TYPE = YES_ERROR;
				GCC_WARN_UNDECLARED_SELECTOR = YES;
				GCC_WARN_UNINITIALIZED_AUTOS = YES_AGGRESSIVE;
				GCC_WARN_UNUSED_FUNCTION = YES;
				GCC_WARN_UNUSED_VARIABLE = YES;
				IPHONEOS_DEPLOYMENT_TARGET = 18.2;
				LOCALIZATION_PREFERS_STRING_CATALOGS = YES;
				MTL_ENABLE_DEBUG_INFO = INCLUDE_SOURCE;
				MTL_FAST_MATH = YES;
				ONLY_ACTIVE_ARCH = YES;
				SDKROOT = iphoneos;
				SWIFT_ACTIVE_COMPILATION_CONDITIONS = "DEBUG $(inherited)";
				SWIFT_OPTIMIZATION_LEVEL = "-Onone";
			};
			name = Debug;
		};
		BD5D123A2D4774F90031A936 /* Release */ = {
			isa = XCBuildConfiguration;
			buildSettings = {
				ALWAYS_SEARCH_USER_PATHS = NO;
				ASSETCATALOG_COMPILER_GENERATE_SWIFT_ASSET_SYMBOL_EXTENSIONS = YES;
				CLANG_ANALYZER_NONNULL = YES;
				CLANG_ANALYZER_NUMBER_OBJECT_CONVERSION = YES_AGGRESSIVE;
				CLANG_CXX_LANGUAGE_STANDARD = "gnu++20";
				CLANG_ENABLE_MODULES = YES;
				CLANG_ENABLE_OBJC_ARC = YES;
				CLANG_ENABLE_OBJC_WEAK = YES;
				CLANG_WARN_BLOCK_CAPTURE_AUTORELEASING = YES;
				CLANG_WARN_BOOL_CONVERSION = YES;
				CLANG_WARN_COMMA = YES;
				CLANG_WARN_CONSTANT_CONVERSION = YES;
				CLANG_WARN_DEPRECATED_OBJC_IMPLEMENTATIONS = YES;
				CLANG_WARN_DIRECT_OBJC_ISA_USAGE = YES_ERROR;
				CLANG_WARN_DOCUMENTATION_COMMENTS = YES;
				CLANG_WARN_EMPTY_BODY = YES;
				CLANG_WARN_ENUM_CONVERSION = YES;
				CLANG_WARN_INFINITE_RECURSION = YES;
				CLANG_WARN_INT_CONVERSION = YES;
				CLANG_WARN_NON_LITERAL_NULL_CONVERSION = YES;
				CLANG_WARN_OBJC_IMPLICIT_RETAIN_SELF = YES;
				CLANG_WARN_OBJC_LITERAL_CONVERSION = YES;
				CLANG_WARN_OBJC_ROOT_CLASS = YES_ERROR;
				CLANG_WARN_QUOTED_INCLUDE_IN_FRAMEWORK_HEADER = YES;
				CLANG_WARN_RANGE_LOOP_ANALYSIS = YES;
				CLANG_WARN_STRICT_PROTOTYPES = YES;
				CLANG_WARN_SUSPICIOUS_MOVE = YES;
				CLANG_WARN_UNGUARDED_AVAILABILITY = YES_AGGRESSIVE;
				CLANG_WARN_UNREACHABLE_CODE = YES;
				CLANG_WARN__DUPLICATE_METHOD_MATCH = YES;
				COPY_PHASE_STRIP = NO;
				DEBUG_INFORMATION_FORMAT = "dwarf-with-dsym";
				ENABLE_NS_ASSERTIONS = NO;
				ENABLE_STRICT_OBJC_MSGSEND = YES;
				ENABLE_USER_SCRIPT_SANDBOXING = YES;
				GCC_C_LANGUAGE_STANDARD = gnu17;
				GCC_NO_COMMON_BLOCKS = YES;
				GCC_WARN_64_TO_32_BIT_CONVERSION = YES;
				GCC_WARN_ABOUT_RETURN_TYPE = YES_ERROR;
				GCC_WARN_UNDECLARED_SELECTOR = YES;
				GCC_WARN_UNINITIALIZED_AUTOS = YES_AGGRESSIVE;
				GCC_WARN_UNUSED_FUNCTION = YES;
				GCC_WARN_UNUSED_VARIABLE = YES;
				IPHONEOS_DEPLOYMENT_TARGET = 18.2;
				LOCALIZATION_PREFERS_STRING_CATALOGS = YES;
				MTL_ENABLE_DEBUG_INFO = NO;
				MTL_FAST_MATH = YES;
				SDKROOT = iphoneos;
				SWIFT_COMPILATION_MODE = wholemodule;
				VALIDATE_PRODUCT = YES;
			};
			name = Release;
		};
		BD5D123C2D4774F90031A936 /* Debug */ = {
			isa = XCBuildConfiguration;
			buildSettings = {
				ASSETCATALOG_COMPILER_APPICON_NAME = AppIcon;
				ASSETCATALOG_COMPILER_GLOBAL_ACCENT_COLOR_NAME = AccentColor;
				CODE_SIGN_STYLE = Automatic;
				CURRENT_PROJECT_VERSION = 1;
				DEVELOPMENT_ASSET_PATHS = "\"BingeBuddy/Preview Content\"";
				DEVELOPMENT_TEAM = 6JBRL78944;
				ENABLE_PREVIEWS = YES;
				GENERATE_INFOPLIST_FILE = YES;
				INFOPLIST_KEY_UIApplicationSceneManifest_Generation = YES;
				INFOPLIST_KEY_UIApplicationSupportsIndirectInputEvents = YES;
				INFOPLIST_KEY_UILaunchScreen_Generation = YES;
				INFOPLIST_KEY_UISupportedInterfaceOrientations_iPad = "UIInterfaceOrientationPortrait UIInterfaceOrientationPortraitUpsideDown UIInterfaceOrientationLandscapeLeft UIInterfaceOrientationLandscapeRight";
				INFOPLIST_KEY_UISupportedInterfaceOrientations_iPhone = "UIInterfaceOrientationPortrait UIInterfaceOrientationLandscapeLeft UIInterfaceOrientationLandscapeRight";
				LD_RUNPATH_SEARCH_PATHS = (
					"$(inherited)",
					"@executable_path/Frameworks",
				);
				MARKETING_VERSION = 1.0;
				PRODUCT_BUNDLE_IDENTIFIER = Avi.Ints.BingeBuddy;
				PRODUCT_NAME = "$(TARGET_NAME)";
				SWIFT_EMIT_LOC_STRINGS = YES;
				SWIFT_VERSION = 5.0;
				TARGETED_DEVICE_FAMILY = "1,2";
			};
			name = Debug;
		};
		BD5D123D2D4774F90031A936 /* Release */ = {
			isa = XCBuildConfiguration;
			buildSettings = {
				ASSETCATALOG_COMPILER_APPICON_NAME = AppIcon;
				ASSETCATALOG_COMPILER_GLOBAL_ACCENT_COLOR_NAME = AccentColor;
				CODE_SIGN_STYLE = Automatic;
				CURRENT_PROJECT_VERSION = 1;
				DEVELOPMENT_ASSET_PATHS = "\"BingeBuddy/Preview Content\"";
				DEVELOPMENT_TEAM = 6JBRL78944;
				ENABLE_PREVIEWS = YES;
				GENERATE_INFOPLIST_FILE = YES;
				INFOPLIST_KEY_UIApplicationSceneManifest_Generation = YES;
				INFOPLIST_KEY_UIApplicationSupportsIndirectInputEvents = YES;
				INFOPLIST_KEY_UILaunchScreen_Generation = YES;
				INFOPLIST_KEY_UISupportedInterfaceOrientations_iPad = "UIInterfaceOrientationPortrait UIInterfaceOrientationPortraitUpsideDown UIInterfaceOrientationLandscapeLeft UIInterfaceOrientationLandscapeRight";
				INFOPLIST_KEY_UISupportedInterfaceOrientations_iPhone = "UIInterfaceOrientationPortrait UIInterfaceOrientationLandscapeLeft UIInterfaceOrientationLandscapeRight";
				LD_RUNPATH_SEARCH_PATHS = (
					"$(inherited)",
					"@executable_path/Frameworks",
				);
				MARKETING_VERSION = 1.0;
				PRODUCT_BUNDLE_IDENTIFIER = Avi.Ints.BingeBuddy;
				PRODUCT_NAME = "$(TARGET_NAME)";
				SWIFT_EMIT_LOC_STRINGS = YES;
				SWIFT_VERSION = 5.0;
				TARGETED_DEVICE_FAMILY = "1,2";
			};
			name = Release;
		};
		BD5D123F2D4774F90031A936 /* Debug */ = {
			isa = XCBuildConfiguration;
			buildSettings = {
				BUNDLE_LOADER = "$(TEST_HOST)";
				CODE_SIGN_STYLE = Automatic;
				CURRENT_PROJECT_VERSION = 1;
				DEVELOPMENT_TEAM = 6JBRL78944;
				GENERATE_INFOPLIST_FILE = YES;
				IPHONEOS_DEPLOYMENT_TARGET = 18.2;
				MARKETING_VERSION = 1.0;
				PRODUCT_BUNDLE_IDENTIFIER = Avi.Ints.BingeBuddyTests;
				PRODUCT_NAME = "$(TARGET_NAME)";
				SWIFT_EMIT_LOC_STRINGS = NO;
				SWIFT_VERSION = 5.0;
				TARGETED_DEVICE_FAMILY = "1,2";
				TEST_HOST = "$(BUILT_PRODUCTS_DIR)/BingeBuddy.app/$(BUNDLE_EXECUTABLE_FOLDER_PATH)/BingeBuddy";
			};
			name = Debug;
		};
		BD5D12402D4774F90031A936 /* Release */ = {
			isa = XCBuildConfiguration;
			buildSettings = {
				BUNDLE_LOADER = "$(TEST_HOST)";
				CODE_SIGN_STYLE = Automatic;
				CURRENT_PROJECT_VERSION = 1;
				DEVELOPMENT_TEAM = 6JBRL78944;
				GENERATE_INFOPLIST_FILE = YES;
				IPHONEOS_DEPLOYMENT_TARGET = 18.2;
				MARKETING_VERSION = 1.0;
				PRODUCT_BUNDLE_IDENTIFIER = Avi.Ints.BingeBuddyTests;
				PRODUCT_NAME = "$(TARGET_NAME)";
				SWIFT_EMIT_LOC_STRINGS = NO;
				SWIFT_VERSION = 5.0;
				TARGETED_DEVICE_FAMILY = "1,2";
				TEST_HOST = "$(BUILT_PRODUCTS_DIR)/BingeBuddy.app/$(BUNDLE_EXECUTABLE_FOLDER_PATH)/BingeBuddy";
			};
			name = Release;
		};
		BD5D12422D4774F90031A936 /* Debug */ = {
			isa = XCBuildConfiguration;
			buildSettings = {
				CODE_SIGN_STYLE = Automatic;
				CURRENT_PROJECT_VERSION = 1;
				DEVELOPMENT_TEAM = 6JBRL78944;
				GENERATE_INFOPLIST_FILE = YES;
				MARKETING_VERSION = 1.0;
				PRODUCT_BUNDLE_IDENTIFIER = Avi.Ints.BingeBuddyUITests;
				PRODUCT_NAME = "$(TARGET_NAME)";
				SWIFT_EMIT_LOC_STRINGS = NO;
				SWIFT_VERSION = 5.0;
				TARGETED_DEVICE_FAMILY = "1,2";
				TEST_TARGET_NAME = BingeBuddy;
			};
			name = Debug;
		};
		BD5D12432D4774F90031A936 /* Release */ = {
			isa = XCBuildConfiguration;
			buildSettings = {
				CODE_SIGN_STYLE = Automatic;
				CURRENT_PROJECT_VERSION = 1;
				DEVELOPMENT_TEAM = 6JBRL78944;
				GENERATE_INFOPLIST_FILE = YES;
				MARKETING_VERSION = 1.0;
				PRODUCT_BUNDLE_IDENTIFIER = Avi.Ints.BingeBuddyUITests;
				PRODUCT_NAME = "$(TARGET_NAME)";
				SWIFT_EMIT_LOC_STRINGS = NO;
				SWIFT_VERSION = 5.0;
				TARGETED_DEVICE_FAMILY = "1,2";
				TEST_TARGET_NAME = BingeBuddy;
			};
			name = Release;
		};
/* End XCBuildConfiguration section */

/* Begin XCConfigurationList section */
		BD5D12122D4774F70031A936 /* Build configuration list for PBXProject "BingeBuddy" */ = {
			isa = XCConfigurationList;
			buildConfigurations = (
				BD5D12392D4774F90031A936 /* Debug */,
				BD5D123A2D4774F90031A936 /* Release */,
			);
			defaultConfigurationIsVisible = 0;
			defaultConfigurationName = Release;
		};
		BD5D123B2D4774F90031A936 /* Build configuration list for PBXNativeTarget "BingeBuddy" */ = {
			isa = XCConfigurationList;
			buildConfigurations = (
				BD5D123C2D4774F90031A936 /* Debug */,
				BD5D123D2D4774F90031A936 /* Release */,
			);
			defaultConfigurationIsVisible = 0;
			defaultConfigurationName = Release;
		};
		BD5D123E2D4774F90031A936 /* Build configuration list for PBXNativeTarget "BingeBuddyTests" */ = {
			isa = XCConfigurationList;
			buildConfigurations = (
				BD5D123F2D4774F90031A936 /* Debug */,
				BD5D12402D4774F90031A936 /* Release */,
			);
			defaultConfigurationIsVisible = 0;
			defaultConfigurationName = Release;
		};
		BD5D12412D4774F90031A936 /* Build configuration list for PBXNativeTarget "BingeBuddyUITests" */ = {
			isa = XCConfigurationList;
			buildConfigurations = (
				BD5D12422D4774F90031A936 /* Debug */,
				BD5D12432D4774F90031A936 /* Release */,
			);
			defaultConfigurationIsVisible = 0;
			defaultConfigurationName = Release;
		};
/* End XCConfigurationList section */

/* Begin XCRemoteSwiftPackageReference section */
		BD5D12582D47EAD90031A936 /* XCRemoteSwiftPackageReference "Kingfisher" */ = {
			isa = XCRemoteSwiftPackageReference;
			repositoryURL = "https://github.com/onevcat/Kingfisher.git";
			requirement = {
				kind = upToNextMajorVersion;
				minimumVersion = 8.1.3;
			};
		};
/* End XCRemoteSwiftPackageReference section */

/* Begin XCSwiftPackageProductDependency section */
		BD5D12592D47EADA0031A936 /* Kingfisher */ = {
			isa = XCSwiftPackageProductDependency;
			package = BD5D12582D47EAD90031A936 /* XCRemoteSwiftPackageReference "Kingfisher" */;
			productName = Kingfisher;
		};
/* End XCSwiftPackageProductDependency section */
	};
	rootObject = BD5D120F2D4774F70031A936 /* Project object */;
}
